// !$*UTF8*$!
{
	archiveVersion = 1;
	classes = {
	};
	objectVersion = 77;
	objects = {

/* Begin PBXBuildFile section */
		848FFB012D80423F004BD90E /* ZipArchive in Frameworks */ = {isa = PBXBuildFile; productRef = 848FFB002D80423F004BD90E /* ZipArchive */; };
		848FFB032D80437B004BD90E /* ZipArchive in Frameworks */ = {isa = PBXBuildFile; productRef = 848FFB022D80437B004BD90E /* ZipArchive */; };
/* End PBXBuildFile section */

/* Begin PBXContainerItemProxy section */
		8470F6742D7FF8190049DFCD /* PBXContainerItemProxy */ = {
			isa = PBXContainerItemProxy;
			containerPortal = 8470F6562D7FF8170049DFCD /* Project object */;
			proxyType = 1;
			remoteGlobalIDString = 8470F65D2D7FF8170049DFCD;
			remoteInfo = ImmersiveReader;
		};
		8470F67E2D7FF8190049DFCD /* PBXContainerItemProxy */ = {
			isa = PBXContainerItemProxy;
			containerPortal = 8470F6562D7FF8170049DFCD /* Project object */;
			proxyType = 1;
			remoteGlobalIDString = 8470F65D2D7FF8170049DFCD;
			remoteInfo = ImmersiveReader;
		};
/* End PBXContainerItemProxy section */

/* Begin PBXFileReference section */
		8470F65E2D7FF8170049DFCD /* ImmersiveReader.app */ = {isa = PBXFileReference; explicitFileType = wrapper.application; includeInIndex = 0; path = ImmersiveReader.app; sourceTree = BUILT_PRODUCTS_DIR; };
		8470F6732D7FF8190049DFCD /* ImmersiveReaderTests.xctest */ = {isa = PBXFileReference; explicitFileType = wrapper.cfbundle; includeInIndex = 0; path = ImmersiveReaderTests.xctest; sourceTree = BUILT_PRODUCTS_DIR; };
		8470F67D2D7FF8190049DFCD /* ImmersiveReaderUITests.xctest */ = {isa = PBXFileReference; explicitFileType = wrapper.cfbundle; includeInIndex = 0; path = ImmersiveReaderUITests.xctest; sourceTree = BUILT_PRODUCTS_DIR; };
/* End PBXFileReference section */

/* Begin PBXFileSystemSynchronizedRootGroup section */
		8470F6602D7FF8170049DFCD /* ImmersiveReader */ = {
			isa = PBXFileSystemSynchronizedRootGroup;
			path = ImmersiveReader;
			sourceTree = "<group>";
		};
		8470F6762D7FF8190049DFCD /* ImmersiveReaderTests */ = {
			isa = PBXFileSystemSynchronizedRootGroup;
			path = ImmersiveReaderTests;
			sourceTree = "<group>";
		};
		8470F6802D7FF8190049DFCD /* ImmersiveReaderUITests */ = {
			isa = PBXFileSystemSynchronizedRootGroup;
			path = ImmersiveReaderUITests;
			sourceTree = "<group>";
		};
/* End PBXFileSystemSynchronizedRootGroup section */

/* Begin PBXFrameworksBuildPhase section */
		8470F65B2D7FF8170049DFCD /* Frameworks */ = {
			isa = PBXFrameworksBuildPhase;
			buildActionMask = 2147483647;
			files = (
				848FFB012D80423F004BD90E /* ZipArchive in Frameworks */,
			);
			runOnlyForDeploymentPostprocessing = 0;
		};
		8470F6702D7FF8190049DFCD /* Frameworks */ = {
			isa = PBXFrameworksBuildPhase;
			buildActionMask = 2147483647;
			files = (
				848FFB032D80437B004BD90E /* ZipArchive in Frameworks */,
			);
			runOnlyForDeploymentPostprocessing = 0;
		};
		8470F67A2D7FF8190049DFCD /* Frameworks */ = {
			isa = PBXFrameworksBuildPhase;
			buildActionMask = 2147483647;
			files = (
			);
			runOnlyForDeploymentPostprocessing = 0;
		};
/* End PBXFrameworksBuildPhase section */

/* Begin PBXGroup section */
		8470F6552D7FF8170049DFCD = {
			isa = PBXGroup;
			children = (
				8470F6602D7FF8170049DFCD /* ImmersiveReader */,
				8470F6762D7FF8190049DFCD /* ImmersiveReaderTests */,
				8470F6802D7FF8190049DFCD /* ImmersiveReaderUITests */,
				8470F65F2D7FF8170049DFCD /* Products */,
			);
			sourceTree = "<group>";
		};
		8470F65F2D7FF8170049DFCD /* Products */ = {
			isa = PBXGroup;
			children = (
				8470F65E2D7FF8170049DFCD /* ImmersiveReader.app */,
				8470F6732D7FF8190049DFCD /* ImmersiveReaderTests.xctest */,
				8470F67D2D7FF8190049DFCD /* ImmersiveReaderUITests.xctest */,
			);
			name = Products;
			sourceTree = "<group>";
		};
/* End PBXGroup section */

/* Begin PBXNativeTarget section */
		8470F65D2D7FF8170049DFCD /* ImmersiveReader */ = {
			isa = PBXNativeTarget;
			buildConfigurationList = 8470F6872D7FF8190049DFCD /* Build configuration list for PBXNativeTarget "ImmersiveReader" */;
			buildPhases = (
				8470F65A2D7FF8170049DFCD /* Sources */,
				8470F65B2D7FF8170049DFCD /* Frameworks */,
				8470F65C2D7FF8170049DFCD /* Resources */,
			);
			buildRules = (
			);
			dependencies = (
			);
			fileSystemSynchronizedGroups = (
				8470F6602D7FF8170049DFCD /* ImmersiveReader */,
			);
			name = ImmersiveReader;
			packageProductDependencies = (
				848FFB002D80423F004BD90E /* ZipArchive */,
			);
			productName = ImmersiveReader;
			productReference = 8470F65E2D7FF8170049DFCD /* ImmersiveReader.app */;
			productType = "com.apple.product-type.application";
		};
		8470F6722D7FF8190049DFCD /* ImmersiveReaderTests */ = {
			isa = PBXNativeTarget;
			buildConfigurationList = 8470F68A2D7FF8190049DFCD /* Build configuration list for PBXNativeTarget "ImmersiveReaderTests" */;
			buildPhases = (
				8470F66F2D7FF8190049DFCD /* Sources */,
				8470F6702D7FF8190049DFCD /* Frameworks */,
				8470F6712D7FF8190049DFCD /* Resources */,
			);
			buildRules = (
			);
			dependencies = (
				8470F6752D7FF8190049DFCD /* PBXTargetDependency */,
			);
			fileSystemSynchronizedGroups = (
				8470F6762D7FF8190049DFCD /* ImmersiveReaderTests */,
			);
			name = ImmersiveReaderTests;
			packageProductDependencies = (
				848FFB022D80437B004BD90E /* ZipArchive */,
			);
			productName = ImmersiveReaderTests;
			productReference = 8470F6732D7FF8190049DFCD /* ImmersiveReaderTests.xctest */;
			productType = "com.apple.product-type.bundle.unit-test";
		};
		8470F67C2D7FF8190049DFCD /* ImmersiveReaderUITests */ = {
			isa = PBXNativeTarget;
			buildConfigurationList = 8470F68D2D7FF8190049DFCD /* Build configuration list for PBXNativeTarget "ImmersiveReaderUITests" */;
			buildPhases = (
				8470F6792D7FF8190049DFCD /* Sources */,
				8470F67A2D7FF8190049DFCD /* Frameworks */,
				8470F67B2D7FF8190049DFCD /* Resources */,
			);
			buildRules = (
			);
			dependencies = (
				8470F67F2D7FF8190049DFCD /* PBXTargetDependency */,
			);
			fileSystemSynchronizedGroups = (
				8470F6802D7FF8190049DFCD /* ImmersiveReaderUITests */,
			);
			name = ImmersiveReaderUITests;
			packageProductDependencies = (
			);
			productName = ImmersiveReaderUITests;
			productReference = 8470F67D2D7FF8190049DFCD /* ImmersiveReaderUITests.xctest */;
			productType = "com.apple.product-type.bundle.ui-testing";
		};
/* End PBXNativeTarget section */

/* Begin PBXProject section */
		8470F6562D7FF8170049DFCD /* Project object */ = {
			isa = PBXProject;
			attributes = {
				BuildIndependentTargetsInParallel = 1;
				LastSwiftUpdateCheck = 1620;
				LastUpgradeCheck = 1620;
				TargetAttributes = {
					8470F65D2D7FF8170049DFCD = {
						CreatedOnToolsVersion = 16.2;
					};
					8470F6722D7FF8190049DFCD = {
						CreatedOnToolsVersion = 16.2;
						TestTargetID = 8470F65D2D7FF8170049DFCD;
					};
					8470F67C2D7FF8190049DFCD = {
						CreatedOnToolsVersion = 16.2;
						TestTargetID = 8470F65D2D7FF8170049DFCD;
					};
				};
			};
			buildConfigurationList = 8470F6592D7FF8170049DFCD /* Build configuration list for PBXProject "ImmersiveReader" */;
			developmentRegion = en;
			hasScannedForEncodings = 0;
			knownRegions = (
				en,
				Base,
			);
			mainGroup = 8470F6552D7FF8170049DFCD;
			minimizedProjectReferenceProxies = 1;
			packageReferences = (
				848FFAFF2D80419F004BD90E /* XCRemoteSwiftPackageReference "ZipArchive" */,
			);
			preferredProjectObjectVersion = 77;
			productRefGroup = 8470F65F2D7FF8170049DFCD /* Products */;
			projectDirPath = "";
			projectRoot = "";
			targets = (
				8470F65D2D7FF8170049DFCD /* ImmersiveReader */,
				8470F6722D7FF8190049DFCD /* ImmersiveReaderTests */,
				8470F67C2D7FF8190049DFCD /* ImmersiveReaderUITests */,
			);
		};
/* End PBXProject section */

/* Begin PBXResourcesBuildPhase section */
		8470F65C2D7FF8170049DFCD /* Resources */ = {
			isa = PBXResourcesBuildPhase;
			buildActionMask = 2147483647;
			files = (
			);
			runOnlyForDeploymentPostprocessing = 0;
		};
		8470F6712D7FF8190049DFCD /* Resources */ = {
			isa = PBXResourcesBuildPhase;
			buildActionMask = 2147483647;
			files = (
			);
			runOnlyForDeploymentPostprocessing = 0;
		};
		8470F67B2D7FF8190049DFCD /* Resources */ = {
			isa = PBXResourcesBuildPhase;
			buildActionMask = 2147483647;
			files = (
			);
			runOnlyForDeploymentPostprocessing = 0;
		};
/* End PBXResourcesBuildPhase section */

/* Begin PBXSourcesBuildPhase section */
		8470F65A2D7FF8170049DFCD /* Sources */ = {
			isa = PBXSourcesBuildPhase;
			buildActionMask = 2147483647;
			files = (
			);
			runOnlyForDeploymentPostprocessing = 0;
		};
		8470F66F2D7FF8190049DFCD /* Sources */ = {
			isa = PBXSourcesBuildPhase;
			buildActionMask = 2147483647;
			files = (
			);
			runOnlyForDeploymentPostprocessing = 0;
		};
		8470F6792D7FF8190049DFCD /* Sources */ = {
			isa = PBXSourcesBuildPhase;
			buildActionMask = 2147483647;
			files = (
			);
			runOnlyForDeploymentPostprocessing = 0;
		};
/* End PBXSourcesBuildPhase section */

/* Begin PBXTargetDependency section */
		8470F6752D7FF8190049DFCD /* PBXTargetDependency */ = {
			isa = PBXTargetDependency;
			target = 8470F65D2D7FF8170049DFCD /* ImmersiveReader */;
			targetProxy = 8470F6742D7FF8190049DFCD /* PBXContainerItemProxy */;
		};
		8470F67F2D7FF8190049DFCD /* PBXTargetDependency */ = {
			isa = PBXTargetDependency;
			target = 8470F65D2D7FF8170049DFCD /* ImmersiveReader */;
			targetProxy = 8470F67E2D7FF8190049DFCD /* PBXContainerItemProxy */;
		};
/* End PBXTargetDependency section */

/* Begin XCBuildConfiguration section */
		8470F6852D7FF8190049DFCD /* Debug */ = {
			isa = XCBuildConfiguration;
			buildSettings = {
				ALWAYS_SEARCH_USER_PATHS = NO;
				ASSETCATALOG_COMPILER_GENERATE_SWIFT_ASSET_SYMBOL_EXTENSIONS = YES;
				CLANG_ANALYZER_NONNULL = YES;
				CLANG_ANALYZER_NUMBER_OBJECT_CONVERSION = YES_AGGRESSIVE;
				CLANG_CXX_LANGUAGE_STANDARD = "gnu++20";
				CLANG_ENABLE_MODULES = YES;
				CLANG_ENABLE_OBJC_ARC = YES;
				CLANG_ENABLE_OBJC_WEAK = YES;
				CLANG_WARN_BLOCK_CAPTURE_AUTORELEASING = YES;
				CLANG_WARN_BOOL_CONVERSION = YES;
				CLANG_WARN_COMMA = YES;
				CLANG_WARN_CONSTANT_CONVERSION = YES;
				CLANG_WARN_DEPRECATED_OBJC_IMPLEMENTATIONS = YES;
				CLANG_WARN_DIRECT_OBJC_ISA_USAGE = YES_ERROR;
				CLANG_WARN_DOCUMENTATION_COMMENTS = YES;
				CLANG_WARN_EMPTY_BODY = YES;
				CLANG_WARN_ENUM_CONVERSION = YES;
				CLANG_WARN_INFINITE_RECURSION = YES;
				CLANG_WARN_INT_CONVERSION = YES;
				CLANG_WARN_NON_LITERAL_NULL_CONVERSION = YES;
				CLANG_WARN_OBJC_IMPLICIT_RETAIN_SELF = YES;
				CLANG_WARN_OBJC_LITERAL_CONVERSION = YES;
				CLANG_WARN_OBJC_ROOT_CLASS = YES_ERROR;
				CLANG_WARN_QUOTED_INCLUDE_IN_FRAMEWORK_HEADER = YES;
				CLANG_WARN_RANGE_LOOP_ANALYSIS = YES;
				CLANG_WARN_STRICT_PROTOTYPES = YES;
				CLANG_WARN_SUSPICIOUS_MOVE = YES;
				CLANG_WARN_UNGUARDED_AVAILABILITY = YES_AGGRESSIVE;
				CLANG_WARN_UNREACHABLE_CODE = YES;
				CLANG_WARN__DUPLICATE_METHOD_MATCH = YES;
				COPY_PHASE_STRIP = NO;
				DEBUG_INFORMATION_FORMAT = dwarf;
				ENABLE_STRICT_OBJC_MSGSEND = YES;
				ENABLE_TESTABILITY = YES;
				ENABLE_USER_SCRIPT_SANDBOXING = YES;
				GCC_C_LANGUAGE_STANDARD = gnu17;
				GCC_DYNAMIC_NO_PIC = NO;
				GCC_NO_COMMON_BLOCKS = YES;
				GCC_OPTIMIZATION_LEVEL = 0;
				GCC_PREPROCESSOR_DEFINITIONS = (
					"DEBUG=1",
					"$(inherited)",
				);
				GCC_WARN_64_TO_32_BIT_CONVERSION = YES;
				GCC_WARN_ABOUT_RETURN_TYPE = YES_ERROR;
				GCC_WARN_UNDECLARED_SELECTOR = YES;
				GCC_WARN_UNINITIALIZED_AUTOS = YES_AGGRESSIVE;
				GCC_WARN_UNUSED_FUNCTION = YES;
				GCC_WARN_UNUSED_VARIABLE = YES;
				IPHONEOS_DEPLOYMENT_TARGET = 16.4;
				LOCALIZATION_PREFERS_STRING_CATALOGS = YES;
				MTL_ENABLE_DEBUG_INFO = INCLUDE_SOURCE;
				MTL_FAST_MATH = YES;
				ONLY_ACTIVE_ARCH = YES;
				SDKROOT = iphoneos;
				SWIFT_ACTIVE_COMPILATION_CONDITIONS = "DEBUG $(inherited)";
				SWIFT_OPTIMIZATION_LEVEL = "-Onone";
			};
			name = Debug;
		};
		8470F6862D7FF8190049DFCD /* Release */ = {
			isa = XCBuildConfiguration;
			buildSettings = {
				ALWAYS_SEARCH_USER_PATHS = NO;
				ASSETCATALOG_COMPILER_GENERATE_SWIFT_ASSET_SYMBOL_EXTENSIONS = YES;
				CLANG_ANALYZER_NONNULL = YES;
				CLANG_ANALYZER_NUMBER_OBJECT_CONVERSION = YES_AGGRESSIVE;
				CLANG_CXX_LANGUAGE_STANDARD = "gnu++20";
				CLANG_ENABLE_MODULES = YES;
				CLANG_ENABLE_OBJC_ARC = YES;
				CLANG_ENABLE_OBJC_WEAK = YES;
				CLANG_WARN_BLOCK_CAPTURE_AUTORELEASING = YES;
				CLANG_WARN_BOOL_CONVERSION = YES;
				CLANG_WARN_COMMA = YES;
				CLANG_WARN_CONSTANT_CONVERSION = YES;
				CLANG_WARN_DEPRECATED_OBJC_IMPLEMENTATIONS = YES;
				CLANG_WARN_DIRECT_OBJC_ISA_USAGE = YES_ERROR;
				CLANG_WARN_DOCUMENTATION_COMMENTS = YES;
				CLANG_WARN_EMPTY_BODY = YES;
				CLANG_WARN_ENUM_CONVERSION = YES;
				CLANG_WARN_INFINITE_RECURSION = YES;
				CLANG_WARN_INT_CONVERSION = YES;
				CLANG_WARN_NON_LITERAL_NULL_CONVERSION = YES;
				CLANG_WARN_OBJC_IMPLICIT_RETAIN_SELF = YES;
				CLANG_WARN_OBJC_LITERAL_CONVERSION = YES;
				CLANG_WARN_OBJC_ROOT_CLASS = YES_ERROR;
				CLANG_WARN_QUOTED_INCLUDE_IN_FRAMEWORK_HEADER = YES;
				CLANG_WARN_RANGE_LOOP_ANALYSIS = YES;
				CLANG_WARN_STRICT_PROTOTYPES = YES;
				CLANG_WARN_SUSPICIOUS_MOVE = YES;
				CLANG_WARN_UNGUARDED_AVAILABILITY = YES_AGGRESSIVE;
				CLANG_WARN_UNREACHABLE_CODE = YES;
				CLANG_WARN__DUPLICATE_METHOD_MATCH = YES;
				COPY_PHASE_STRIP = NO;
				DEBUG_INFORMATION_FORMAT = "dwarf-with-dsym";
				ENABLE_NS_ASSERTIONS = NO;
				ENABLE_STRICT_OBJC_MSGSEND = YES;
				ENABLE_USER_SCRIPT_SANDBOXING = YES;
				GCC_C_LANGUAGE_STANDARD = gnu17;
				GCC_NO_COMMON_BLOCKS = YES;
				GCC_WARN_64_TO_32_BIT_CONVERSION = YES;
				GCC_WARN_ABOUT_RETURN_TYPE = YES_ERROR;
				GCC_WARN_UNDECLARED_SELECTOR = YES;
				GCC_WARN_UNINITIALIZED_AUTOS = YES_AGGRESSIVE;
				GCC_WARN_UNUSED_FUNCTION = YES;
				GCC_WARN_UNUSED_VARIABLE = YES;
				IPHONEOS_DEPLOYMENT_TARGET = 16.4;
				LOCALIZATION_PREFERS_STRING_CATALOGS = YES;
				MTL_ENABLE_DEBUG_INFO = NO;
				MTL_FAST_MATH = YES;
				SDKROOT = iphoneos;
				SWIFT_COMPILATION_MODE = wholemodule;
				VALIDATE_PRODUCT = YES;
			};
			name = Release;
		};
		8470F6882D7FF8190049DFCD /* Debug */ = {
			isa = XCBuildConfiguration;
			buildSettings = {
				ASSETCATALOG_COMPILER_APPICON_NAME = AppIcon;
				ASSETCATALOG_COMPILER_GLOBAL_ACCENT_COLOR_NAME = AccentColor;
				CODE_SIGN_STYLE = Automatic;
				CURRENT_PROJECT_VERSION = 1;
				DEVELOPMENT_ASSET_PATHS = "\"ImmersiveReader/Preview Content\"";
				DEVELOPMENT_TEAM = 5XKT3NQFSC;
				ENABLE_PREVIEWS = YES;
				GENERATE_INFOPLIST_FILE = YES;
				INFOPLIST_KEY_UIApplicationSceneManifest_Generation = YES;
				INFOPLIST_KEY_UIApplicationSupportsIndirectInputEvents = YES;
				INFOPLIST_KEY_UILaunchScreen_Generation = YES;
				INFOPLIST_KEY_UISupportedInterfaceOrientations_iPad = "UIInterfaceOrientationPortrait UIInterfaceOrientationPortraitUpsideDown UIInterfaceOrientationLandscapeLeft UIInterfaceOrientationLandscapeRight";
				INFOPLIST_KEY_UISupportedInterfaceOrientations_iPhone = "UIInterfaceOrientationPortrait UIInterfaceOrientationLandscapeLeft UIInterfaceOrientationLandscapeRight";
				LD_RUNPATH_SEARCH_PATHS = (
					"$(inherited)",
					"@executable_path/Frameworks",
				);
				MARKETING_VERSION = 1.0;
				PRODUCT_BUNDLE_IDENTIFIER = Dungnt.ImmersiveReader;
				PRODUCT_NAME = "$(TARGET_NAME)";
				SWIFT_EMIT_LOC_STRINGS = YES;
				SWIFT_VERSION = 5.0;
				TARGETED_DEVICE_FAMILY = "1,2";
			};
			name = Debug;
		};
		8470F6892D7FF8190049DFCD /* Release */ = {
			isa = XCBuildConfiguration;
			buildSettings = {
				ASSETCATALOG_COMPILER_APPICON_NAME = AppIcon;
				ASSETCATALOG_COMPILER_GLOBAL_ACCENT_COLOR_NAME = AccentColor;
				CODE_SIGN_STYLE = Automatic;
				CURRENT_PROJECT_VERSION = 1;
				DEVELOPMENT_ASSET_PATHS = "\"ImmersiveReader/Preview Content\"";
				DEVELOPMENT_TEAM = 5XKT3NQFSC;
				ENABLE_PREVIEWS = YES;
				GENERATE_INFOPLIST_FILE = YES;
				INFOPLIST_KEY_UIApplicationSceneManifest_Generation = YES;
				INFOPLIST_KEY_UIApplicationSupportsIndirectInputEvents = YES;
				INFOPLIST_KEY_UILaunchScreen_Generation = YES;
				INFOPLIST_KEY_UISupportedInterfaceOrientations_iPad = "UIInterfaceOrientationPortrait UIInterfaceOrientationPortraitUpsideDown UIInterfaceOrientationLandscapeLeft UIInterfaceOrientationLandscapeRight";
				INFOPLIST_KEY_UISupportedInterfaceOrientations_iPhone = "UIInterfaceOrientationPortrait UIInterfaceOrientationLandscapeLeft UIInterfaceOrientationLandscapeRight";
				LD_RUNPATH_SEARCH_PATHS = (
					"$(inherited)",
					"@executable_path/Frameworks",
				);
				MARKETING_VERSION = 1.0;
				PRODUCT_BUNDLE_IDENTIFIER = Dungnt.ImmersiveReader;
				PRODUCT_NAME = "$(TARGET_NAME)";
				SWIFT_EMIT_LOC_STRINGS = YES;
				SWIFT_VERSION = 5.0;
				TARGETED_DEVICE_FAMILY = "1,2";
			};
			name = Release;
		};
		8470F68B2D7FF8190049DFCD /* Debug */ = {
			isa = XCBuildConfiguration;
			buildSettings = {
				BUNDLE_LOADER = "$(TEST_HOST)";
				CODE_SIGN_STYLE = Automatic;
				CURRENT_PROJECT_VERSION = 1;
				GENERATE_INFOPLIST_FILE = YES;
				IPHONEOS_DEPLOYMENT_TARGET = 18.2;
				MARKETING_VERSION = 1.0;
				PRODUCT_BUNDLE_IDENTIFIER = Dungnt.ImmersiveReaderTests;
				PRODUCT_NAME = "$(TARGET_NAME)";
				SWIFT_EMIT_LOC_STRINGS = NO;
				SWIFT_VERSION = 5.0;
				TARGETED_DEVICE_FAMILY = "1,2";
				TEST_HOST = "$(BUILT_PRODUCTS_DIR)/ImmersiveReader.app/$(BUNDLE_EXECUTABLE_FOLDER_PATH)/ImmersiveReader";
			};
			name = Debug;
		};
		8470F68C2D7FF8190049DFCD /* Release */ = {
			isa = XCBuildConfiguration;
			buildSettings = {
				BUNDLE_LOADER = "$(TEST_HOST)";
				CODE_SIGN_STYLE = Automatic;
				CURRENT_PROJECT_VERSION = 1;
				GENERATE_INFOPLIST_FILE = YES;
				IPHONEOS_DEPLOYMENT_TARGET = 18.2;
				MARKETING_VERSION = 1.0;
				PRODUCT_BUNDLE_IDENTIFIER = Dungnt.ImmersiveReaderTests;
				PRODUCT_NAME = "$(TARGET_NAME)";
				SWIFT_EMIT_LOC_STRINGS = NO;
				SWIFT_VERSION = 5.0;
				TARGETED_DEVICE_FAMILY = "1,2";
				TEST_HOST = "$(BUILT_PRODUCTS_DIR)/ImmersiveReader.app/$(BUNDLE_EXECUTABLE_FOLDER_PATH)/ImmersiveReader";
			};
			name = Release;
		};
		8470F68E2D7FF8190049DFCD /* Debug */ = {
			isa = XCBuildConfiguration;
			buildSettings = {
				CODE_SIGN_STYLE = Automatic;
				CURRENT_PROJECT_VERSION = 1;
				GENERATE_INFOPLIST_FILE = YES;
				MARKETING_VERSION = 1.0;
				PRODUCT_BUNDLE_IDENTIFIER = Dungnt.ImmersiveReaderUITests;
				PRODUCT_NAME = "$(TARGET_NAME)";
				SWIFT_EMIT_LOC_STRINGS = NO;
				SWIFT_VERSION = 5.0;
				TARGETED_DEVICE_FAMILY = "1,2";
				TEST_TARGET_NAME = ImmersiveReader;
			};
			name = Debug;
		};
		8470F68F2D7FF8190049DFCD /* Release */ = {
			isa = XCBuildConfiguration;
			buildSettings = {
				CODE_SIGN_STYLE = Automatic;
				CURRENT_PROJECT_VERSION = 1;
				GENERATE_INFOPLIST_FILE = YES;
				MARKETING_VERSION = 1.0;
				PRODUCT_BUNDLE_IDENTIFIER = Dungnt.ImmersiveReaderUITests;
				PRODUCT_NAME = "$(TARGET_NAME)";
				SWIFT_EMIT_LOC_STRINGS = NO;
				SWIFT_VERSION = 5.0;
				TARGETED_DEVICE_FAMILY = "1,2";
				TEST_TARGET_NAME = ImmersiveReader;
			};
			name = Release;
		};
/* End XCBuildConfiguration section */

/* Begin XCConfigurationList section */
		8470F6592D7FF8170049DFCD /* Build configuration list for PBXProject "ImmersiveReader" */ = {
			isa = XCConfigurationList;
			buildConfigurations = (
				8470F6852D7FF8190049DFCD /* Debug */,
				8470F6862D7FF8190049DFCD /* Release */,
			);
			defaultConfigurationIsVisible = 0;
			defaultConfigurationName = Release;
		};
		8470F6872D7FF8190049DFCD /* Build configuration list for PBXNativeTarget "ImmersiveReader" */ = {
			isa = XCConfigurationList;
			buildConfigurations = (
				8470F6882D7FF8190049DFCD /* Debug */,
				8470F6892D7FF8190049DFCD /* Release */,
			);
			defaultConfigurationIsVisible = 0;
			defaultConfigurationName = Release;
		};
		8470F68A2D7FF8190049DFCD /* Build configuration list for PBXNativeTarget "ImmersiveReaderTests" */ = {
			isa = XCConfigurationList;
			buildConfigurations = (
				8470F68B2D7FF8190049DFCD /* Debug */,
				8470F68C2D7FF8190049DFCD /* Release */,
			);
			defaultConfigurationIsVisible = 0;
			defaultConfigurationName = Release;
		};
		8470F68D2D7FF8190049DFCD /* Build configuration list for PBXNativeTarget "ImmersiveReaderUITests" */ = {
			isa = XCConfigurationList;
			buildConfigurations = (
				8470F68E2D7FF8190049DFCD /* Debug */,
				8470F68F2D7FF8190049DFCD /* Release */,
			);
			defaultConfigurationIsVisible = 0;
			defaultConfigurationName = Release;
		};
/* End XCConfigurationList section */

/* Begin XCRemoteSwiftPackageReference section */
		848FFAFF2D80419F004BD90E /* XCRemoteSwiftPackageReference "ZipArchive" */ = {
			isa = XCRemoteSwiftPackageReference;
			repositoryURL = "https://github.com/ZipArchive/ZipArchive.git";
			requirement = {
				kind = upToNextMajorVersion;
				minimumVersion = 2.6.0;
			};
		};
/* End XCRemoteSwiftPackageReference section */

/* Begin XCSwiftPackageProductDependency section */
		848FFB002D80423F004BD90E /* ZipArchive */ = {
			isa = XCSwiftPackageProductDependency;
			package = 848FFAFF2D80419F004BD90E /* XCRemoteSwiftPackageReference "ZipArchive" */;
			productName = ZipArchive;
		};
		848FFB022D80437B004BD90E /* ZipArchive */ = {
			isa = XCSwiftPackageProductDependency;
			package = 848FFAFF2D80419F004BD90E /* XCRemoteSwiftPackageReference "ZipArchive" */;
			productName = ZipArchive;
		};
/* End XCSwiftPackageProductDependency section */
	};
	rootObject = 8470F6562D7FF8170049DFCD /* Project object */;
}
